
Microsoft Visual Studio Solution File, Format Version 12.00
# Visual Studio Version 17
VisualStudioVersion = 17.8.34330.188
MinimumVisualStudioVersion = 10.0.40219.1
Project("{FAE04EC0-301F-11D3-BF4B-00C04F79EFBC}") = "PickRandomCards", "PickRandomCards\PickRandomCards.csproj", "{1437ABD8-175F-47B2-9E37-511580B5BE67}"
EndProject
Global
	GlobalSection(SolutionConfigurationPlatforms) = preSolution
		Debug|Any CPU = Debug|Any CPU
		Release|Any CPU = Release|Any CPU
	EndGlobalSection
	GlobalSection(ProjectConfigurationPlatforms) = postSolution
		{1437ABD8-175F-47B2-9E37-511580B5BE67}.Debug|Any CPU.ActiveCfg = Debug|Any CPU
		{1437ABD8-175F-47B2-9E37-511580B5BE67}.Debug|Any CPU.Build.0 = Debug|Any CPU
		{1437ABD8-175F-47B2-9E37-511580B5BE67}.Release|Any CPU.ActiveCfg = Release|Any CPU
		{1437ABD8-175F-47B2-9E37-511580B5BE67}.Release|Any CPU.Build.0 = Release|Any CPU
	EndGlobalSection
	GlobalSection(SolutionProperties) = preSolution
		HideSolutionNode = FALSE
	EndGlobalSection
	GlobalSection(ExtensibilityGlobals) = postSolution
		SolutionGuid = {1D5656D8-93F0-42E1-BFBB-1DA2635F2B8E}
	EndGlobalSection
EndGlobal
